
Microsoft Visual Studio Solution File, Format Version 12.00
# Visual Studio 15
VisualStudioVersion = 15.0.28307.705
MinimumVisualStudioVersion = 10.0.40219.1
Project("{FAE04EC0-301F-11D3-BF4B-00C04F79EFBC}") = "WebAppJabil", "WebAppJabil\WebAppJabil.csproj", "{1DE61198-BE19-4B1D-AE70-5BA5D85D82F1}"
EndProject
Global
	GlobalSection(SolutionConfigurationPlatforms) = preSolution
		Debug|Any CPU = Debug|Any CPU
		Release|Any CPU = Release|Any CPU
	EndGlobalSection
	GlobalSection(ProjectConfigurationPlatforms) = postSolution
		{1DE61198-BE19-4B1D-AE70-5BA5D85D82F1}.Debug|Any CPU.ActiveCfg = Debug|Any CPU
		{1DE61198-BE19-4B1D-AE70-5BA5D85D82F1}.Debug|Any CPU.Build.0 = Debug|Any CPU
		{1DE61198-BE19-4B1D-AE70-5BA5D85D82F1}.Release|Any CPU.ActiveCfg = Release|Any CPU
		{1DE61198-BE19-4B1D-AE70-5BA5D85D82F1}.Release|Any CPU.Build.0 = Release|Any CPU
	EndGlobalSection
	GlobalSection(SolutionProperties) = preSolution
		HideSolutionNode = FALSE
	EndGlobalSection
	GlobalSection(ExtensibilityGlobals) = postSolution
		SolutionGuid = {56F824D1-F198-4F8F-BE76-0675F4726575}
	EndGlobalSection
EndGlobal
